{
  "requires": true,
  "lockfileVersion": 1,
  "dependencies": {
    "@angular/animations": {
      "version": "7.1.4",
      "resolved": "https://registry.npmjs.org/@angular/animations/-/animations-7.1.4.tgz",
      "integrity": "sha512-877LZ83scksJtflVz97CUWlSsZnxduBxPD+ls5OTrTT/bq3muzHCm8rgTO7S8fBwwrEVXLorvMAlhDPpMg5Swg==",
      "requires": {
        "tslib": "^1.9.0"
      }
    },
    "@mdi/font": {
      "version": "3.2.89",
      "resolved": "https://registry.npmjs.org/@mdi/font/-/font-3.2.89.tgz",
      "integrity": "sha512-K+E44jDkv7jwJbRYctw5+k+jE0j43dCN9KH3ZsIcqYjmhQ3ZN3/eBM2oXtFhxSOKYpEn/xFStS+SGRZjlJY/dg=="
    },
    "@types/jquery": {
      "version": "3.3.28",
      "resolved": "https://registry.npmjs.org/@types/jquery/-/jquery-3.3.28.tgz",
      "integrity": "sha512-6+0asQBU38H5kdoKvxVGE7fY8JREBgQsxONw0na0noV9D3JLN2+odBPKkTvRcLW20xSNiP8BH0nyl+8PcIHYNw==",
      "requires": {
        "@types/sizzle": "*"
      }
    },
    "@types/materialize-css": {
      "version": "0.100.4",
      "resolved": "https://registry.npmjs.org/@types/materialize-css/-/materialize-css-0.100.4.tgz",
      "integrity": "sha512-94qyT/+vcHv3X9DwTS0uh+V5dlhjQ7BdeGQMfoY8+I1fPQj1gk7kxA4cXQfGNrIXG0EvCymDFVcgtSAE1m6hcA==",
      "requires": {
        "@types/jquery": "*",
        "@types/pickadate": "*"
      }
    },
    "@types/pickadate": {
      "version": "3.5.31",
      "resolved": "https://registry.npmjs.org/@types/pickadate/-/pickadate-3.5.31.tgz",
      "integrity": "sha512-DT3aPvNJ09Lw05RU/eNgFBHtHmslRbHUb8YKNqQm8jHPc0aP2de/fzzdRGFHL0eQRZP43KbqdO5KBHinS6Kbgw==",
      "requires": {
        "@types/jquery": "*"
      }
    },
    "@types/sizzle": {
      "version": "2.3.2",
      "resolved": "https://registry.npmjs.org/@types/sizzle/-/sizzle-2.3.2.tgz",
      "integrity": "sha512-7EJYyKTL7tFR8+gDbB6Wwz/arpGa0Mywk1TJbNzKzHtzbwVmY4HR9WqS5VV7dsBUKQmPNr192jHr/VpBluj/hg=="
    },
    "hammerjs": {
      "version": "2.0.8",
      "resolved": "https://registry.npmjs.org/hammerjs/-/hammerjs-2.0.8.tgz",
      "integrity": "sha1-BO93hiz/K7edMPdpIJWTAiK/YPE="
    },
    "jquery": {
      "version": "3.3.1",
      "resolved": "https://registry.npmjs.org/jquery/-/jquery-3.3.1.tgz",
      "integrity": "sha512-Ubldcmxp5np52/ENotGxlLe6aGMvmF4R8S6tZjsP6Knsaxd/xp3Zrh50cG93lR6nPXyUFwzN3ZSOQI0wRJNdGg=="
    },
    "ngx-materialize": {
      "version": "6.1.3",
      "resolved": "https://registry.npmjs.org/ngx-materialize/-/ngx-materialize-6.1.3.tgz",
      "integrity": "sha512-szKeDvImQPoBqa+ly88o8O+VGuwHT1Rp3VJUuDBhacARH81dsiaOES0hUrpxU03tOuIPkkavrdhI01hK7wnBDQ==",
      "requires": {
        "@types/jquery": "^3.2.12",
        "@types/materialize-css": "^0.100.4",
        "materialize-css": "^0.100.2",
        "tslib": "^1.9.0"
      },
      "dependencies": {
        "materialize-css": {
          "version": "0.100.2",
          "resolved": "https://registry.npmjs.org/materialize-css/-/materialize-css-0.100.2.tgz",
          "integrity": "sha512-Bf4YeoJCIdk4dlpnmVX+DIOJBbqOKwfBPD+tT5bxwXNFMLk649CGbldqtnctkkfMp+fGgSAsdYu9lo1ZolZqgA==",
          "requires": {
            "hammerjs": "^2.0.8",
            "jquery": "^3.0.0 || ^2.1.4"
          }
        }
      }
    },
    "tslib": {
      "version": "1.9.3",
      "resolved": "https://registry.npmjs.org/tslib/-/tslib-1.9.3.tgz",
      "integrity": "sha512-4krF8scpejhaOgqzBEcGM7yDIEfi0/8+8zDRZhNZZ2kjmHJ4hv3zCbQWxoJGz1iw5U0Jl0nma13xzHXcncMavQ=="
    }
  }
}
